
Microsoft Visual Studio Solution File, Format Version 12.00
# Visual Studio 15
VisualStudioVersion = 15.0.27004.2010
MinimumVisualStudioVersion = 10.0.40219.1
Project("{9A19103F-16F7-4668-BE54-9A1E7A4F7556}") = "stvsystem", "stvsystem\stvsystem.csproj", "{65629116-B7ED-410A-BC66-260F135A3EE1}"
EndProject
Project("{2150E333-8FDC-42A3-9474-1A3956D46DE8}") = "Solution Items", "Solution Items", "{2336C8D6-1EAD-46C4-9783-34C3A5AD589D}"
	ProjectSection(SolutionItems) = preProject
		global.json = global.json
	EndProjectSection
EndProject
Project("{9A19103F-16F7-4668-BE54-9A1E7A4F7556}") = "stvsystem.UnitTests", "stvsystem.UnitTests\stvsystem.UnitTests.csproj", "{3EC49BA6-DA07-4861-A506-EC2150907C2F}"
EndProject
Project("{00D1A9C2-B5F0-4AF3-8072-F6C62B433612}") = "stvsystem.Database", "stvsystem.Database\stvsystem.Database.sqlproj", "{5705AE9C-2E0B-428B-83F2-B31C1E111ED2}"
EndProject
Global
	GlobalSection(SolutionConfigurationPlatforms) = preSolution
		Debug|Any CPU = Debug|Any CPU
		Release|Any CPU = Release|Any CPU
	EndGlobalSection
	GlobalSection(ProjectConfigurationPlatforms) = postSolution
		{65629116-B7ED-410A-BC66-260F135A3EE1}.Debug|Any CPU.ActiveCfg = Debug|Any CPU
		{65629116-B7ED-410A-BC66-260F135A3EE1}.Debug|Any CPU.Build.0 = Debug|Any CPU
		{65629116-B7ED-410A-BC66-260F135A3EE1}.Release|Any CPU.ActiveCfg = Release|Any CPU
		{65629116-B7ED-410A-BC66-260F135A3EE1}.Release|Any CPU.Build.0 = Release|Any CPU
		{3EC49BA6-DA07-4861-A506-EC2150907C2F}.Debug|Any CPU.ActiveCfg = Debug|Any CPU
		{3EC49BA6-DA07-4861-A506-EC2150907C2F}.Debug|Any CPU.Build.0 = Debug|Any CPU
		{3EC49BA6-DA07-4861-A506-EC2150907C2F}.Release|Any CPU.ActiveCfg = Release|Any CPU
		{3EC49BA6-DA07-4861-A506-EC2150907C2F}.Release|Any CPU.Build.0 = Release|Any CPU
		{5705AE9C-2E0B-428B-83F2-B31C1E111ED2}.Debug|Any CPU.ActiveCfg = Debug|Any CPU
		{5705AE9C-2E0B-428B-83F2-B31C1E111ED2}.Debug|Any CPU.Build.0 = Debug|Any CPU
		{5705AE9C-2E0B-428B-83F2-B31C1E111ED2}.Debug|Any CPU.Deploy.0 = Debug|Any CPU
		{5705AE9C-2E0B-428B-83F2-B31C1E111ED2}.Release|Any CPU.ActiveCfg = Release|Any CPU
		{5705AE9C-2E0B-428B-83F2-B31C1E111ED2}.Release|Any CPU.Build.0 = Release|Any CPU
		{5705AE9C-2E0B-428B-83F2-B31C1E111ED2}.Release|Any CPU.Deploy.0 = Release|Any CPU
	EndGlobalSection
	GlobalSection(SolutionProperties) = preSolution
		HideSolutionNode = FALSE
	EndGlobalSection
	GlobalSection(ExtensibilityGlobals) = postSolution
		SolutionGuid = {539C2266-B713-402C-A662-E1DD37294D4D}
	EndGlobalSection
EndGlobal
